// !$*UTF8*$!
{
	archiveVersion = 1;
	classes = {
	};
	objectVersion = 48;
	objects = {

/* Begin PBXBuildFile section */
		28A306C31FCA9BD000ECDCA2 /* GoalViewController.swift in Sources */ = {isa = PBXBuildFile; fileRef = 28A306C21FCA9BD000ECDCA2 /* GoalViewController.swift */; };
		586BDD2A1FC75F5E009FA8B8 /* AppDelegate.swift in Sources */ = {isa = PBXBuildFile; fileRef = 586BDD291FC75F5E009FA8B8 /* AppDelegate.swift */; };
		586BDD2C1FC75F5E009FA8B8 /* FirstViewController.swift in Sources */ = {isa = PBXBuildFile; fileRef = 586BDD2B1FC75F5E009FA8B8 /* FirstViewController.swift */; };
		586BDD2E1FC75F5E009FA8B8 /* SecondViewController.swift in Sources */ = {isa = PBXBuildFile; fileRef = 586BDD2D1FC75F5E009FA8B8 /* SecondViewController.swift */; };
		586BDD331FC75F5E009FA8B8 /* Assets.xcassets in Resources */ = {isa = PBXBuildFile; fileRef = 586BDD321FC75F5E009FA8B8 /* Assets.xcassets */; };
		586BDD361FC75F5E009FA8B8 /* LaunchScreen.storyboard in Resources */ = {isa = PBXBuildFile; fileRef = 586BDD341FC75F5E009FA8B8 /* LaunchScreen.storyboard */; };
		586BDD411FC75F5E009FA8B8 /* FitnessAppTests.swift in Sources */ = {isa = PBXBuildFile; fileRef = 586BDD401FC75F5E009FA8B8 /* FitnessAppTests.swift */; };
		586BDD4C1FC75F5E009FA8B8 /* FitnessAppUITests.swift in Sources */ = {isa = PBXBuildFile; fileRef = 586BDD4B1FC75F5E009FA8B8 /* FitnessAppUITests.swift */; };
		586BDD5A1FC76076009FA8B8 /* MapViewController.swift in Sources */ = {isa = PBXBuildFile; fileRef = 586BDD591FC76076009FA8B8 /* MapViewController.swift */; };
		586BDD5C1FC760BF009FA8B8 /* Database.swift in Sources */ = {isa = PBXBuildFile; fileRef = 586BDD5B1FC760BF009FA8B8 /* Database.swift */; };
		586BDD5E1FC760F9009FA8B8 /* ActivitiesViewController.swift in Sources */ = {isa = PBXBuildFile; fileRef = 586BDD5D1FC760F9009FA8B8 /* ActivitiesViewController.swift */; };
		586BDD601FC76134009FA8B8 /* ActivityDetailViewController.swift in Sources */ = {isa = PBXBuildFile; fileRef = 586BDD5F1FC76134009FA8B8 /* ActivityDetailViewController.swift */; };
		586BDD621FC7617A009FA8B8 /* ActivitiesNavigationController.swift in Sources */ = {isa = PBXBuildFile; fileRef = 586BDD611FC7617A009FA8B8 /* ActivitiesNavigationController.swift */; };
		586BDD691FC76795009FA8B8 /* ActivitiesTableViewCell.swift in Sources */ = {isa = PBXBuildFile; fileRef = 586BDD681FC76795009FA8B8 /* ActivitiesTableViewCell.swift */; };
		586BDD6D1FC76D5C009FA8B8 /* CoreLocation.framework in Frameworks */ = {isa = PBXBuildFile; fileRef = 586BDD641FC76204009FA8B8 /* CoreLocation.framework */; };
		586BDD6E1FC76D66009FA8B8 /* CoreMotion.framework in Frameworks */ = {isa = PBXBuildFile; fileRef = 586BDD661FC76236009FA8B8 /* CoreMotion.framework */; };
		586BDD6F1FC76D6B009FA8B8 /* MapKit.framework in Frameworks */ = {isa = PBXBuildFile; fileRef = 586BDD651FC76211009FA8B8 /* MapKit.framework */; };
		58D019AB1FCA96F900C79538 /* Main.storyboard in Resources */ = {isa = PBXBuildFile; fileRef = 58D019A91FCA96F800C79538 /* Main.storyboard */; };
/* End PBXBuildFile section */

/* Begin PBXContainerItemProxy section */
		586BDD3D1FC75F5E009FA8B8 /* PBXContainerItemProxy */ = {
			isa = PBXContainerItemProxy;
			containerPortal = 586BDD1E1FC75F5E009FA8B8 /* Project object */;
			proxyType = 1;
			remoteGlobalIDString = 586BDD251FC75F5E009FA8B8;
			remoteInfo = FitnessApp;
		};
		586BDD481FC75F5E009FA8B8 /* PBXContainerItemProxy */ = {
			isa = PBXContainerItemProxy;
			containerPortal = 586BDD1E1FC75F5E009FA8B8 /* Project object */;
			proxyType = 1;
			remoteGlobalIDString = 586BDD251FC75F5E009FA8B8;
			remoteInfo = FitnessApp;
		};
/* End PBXContainerItemProxy section */

/* Begin PBXFileReference section */
		28A306C21FCA9BD000ECDCA2 /* GoalViewController.swift */ = {isa = PBXFileReference; lastKnownFileType = sourcecode.swift; path = GoalViewController.swift; sourceTree = "<group>"; };
		586BDD261FC75F5E009FA8B8 /* FitnessApp.app */ = {isa = PBXFileReference; explicitFileType = wrapper.application; includeInIndex = 0; path = FitnessApp.app; sourceTree = BUILT_PRODUCTS_DIR; };
		586BDD291FC75F5E009FA8B8 /* AppDelegate.swift */ = {isa = PBXFileReference; lastKnownFileType = sourcecode.swift; path = AppDelegate.swift; sourceTree = "<group>"; };
		586BDD2B1FC75F5E009FA8B8 /* FirstViewController.swift */ = {isa = PBXFileReference; lastKnownFileType = sourcecode.swift; path = FirstViewController.swift; sourceTree = "<group>"; };
		586BDD2D1FC75F5E009FA8B8 /* SecondViewController.swift */ = {isa = PBXFileReference; lastKnownFileType = sourcecode.swift; path = SecondViewController.swift; sourceTree = "<group>"; };
		586BDD321FC75F5E009FA8B8 /* Assets.xcassets */ = {isa = PBXFileReference; lastKnownFileType = folder.assetcatalog; path = Assets.xcassets; sourceTree = "<group>"; };
		586BDD351FC75F5E009FA8B8 /* Base */ = {isa = PBXFileReference; lastKnownFileType = file.storyboard; name = Base; path = Base.lproj/LaunchScreen.storyboard; sourceTree = "<group>"; };
		586BDD371FC75F5E009FA8B8 /* Info.plist */ = {isa = PBXFileReference; lastKnownFileType = text.plist.xml; path = Info.plist; sourceTree = "<group>"; };
		586BDD3C1FC75F5E009FA8B8 /* FitnessAppTests.xctest */ = {isa = PBXFileReference; explicitFileType = wrapper.cfbundle; includeInIndex = 0; path = FitnessAppTests.xctest; sourceTree = BUILT_PRODUCTS_DIR; };
		586BDD401FC75F5E009FA8B8 /* FitnessAppTests.swift */ = {isa = PBXFileReference; lastKnownFileType = sourcecode.swift; path = FitnessAppTests.swift; sourceTree = "<group>"; };
		586BDD421FC75F5E009FA8B8 /* Info.plist */ = {isa = PBXFileReference; lastKnownFileType = text.plist.xml; path = Info.plist; sourceTree = "<group>"; };
		586BDD471FC75F5E009FA8B8 /* FitnessAppUITests.xctest */ = {isa = PBXFileReference; explicitFileType = wrapper.cfbundle; includeInIndex = 0; path = FitnessAppUITests.xctest; sourceTree = BUILT_PRODUCTS_DIR; };
		586BDD4B1FC75F5E009FA8B8 /* FitnessAppUITests.swift */ = {isa = PBXFileReference; lastKnownFileType = sourcecode.swift; path = FitnessAppUITests.swift; sourceTree = "<group>"; };
		586BDD4D1FC75F5E009FA8B8 /* Info.plist */ = {isa = PBXFileReference; lastKnownFileType = text.plist.xml; path = Info.plist; sourceTree = "<group>"; };
		586BDD591FC76076009FA8B8 /* MapViewController.swift */ = {isa = PBXFileReference; lastKnownFileType = sourcecode.swift; path = MapViewController.swift; sourceTree = "<group>"; };
		586BDD5B1FC760BF009FA8B8 /* Database.swift */ = {isa = PBXFileReference; lastKnownFileType = sourcecode.swift; path = Database.swift; sourceTree = "<group>"; };
		586BDD5D1FC760F9009FA8B8 /* ActivitiesViewController.swift */ = {isa = PBXFileReference; lastKnownFileType = sourcecode.swift; path = ActivitiesViewController.swift; sourceTree = "<group>"; };
		586BDD5F1FC76134009FA8B8 /* ActivityDetailViewController.swift */ = {isa = PBXFileReference; lastKnownFileType = sourcecode.swift; path = ActivityDetailViewController.swift; sourceTree = "<group>"; };
		586BDD611FC7617A009FA8B8 /* ActivitiesNavigationController.swift */ = {isa = PBXFileReference; lastKnownFileType = sourcecode.swift; path = ActivitiesNavigationController.swift; sourceTree = "<group>"; };
		586BDD641FC76204009FA8B8 /* CoreLocation.framework */ = {isa = PBXFileReference; lastKnownFileType = wrapper.framework; name = CoreLocation.framework; path = System/Library/Frameworks/CoreLocation.framework; sourceTree = SDKROOT; };
		586BDD651FC76211009FA8B8 /* MapKit.framework */ = {isa = PBXFileReference; lastKnownFileType = wrapper.framework; name = MapKit.framework; path = System/Library/Frameworks/MapKit.framework; sourceTree = SDKROOT; };
		586BDD661FC76236009FA8B8 /* CoreMotion.framework */ = {isa = PBXFileReference; lastKnownFileType = wrapper.framework; name = CoreMotion.framework; path = System/Library/Frameworks/CoreMotion.framework; sourceTree = SDKROOT; };
		586BDD681FC76795009FA8B8 /* ActivitiesTableViewCell.swift */ = {isa = PBXFileReference; lastKnownFileType = sourcecode.swift; path = ActivitiesTableViewCell.swift; sourceTree = "<group>"; };
		58D019AA1FCA96F800C79538 /* Base */ = {isa = PBXFileReference; lastKnownFileType = file.storyboard; name = Base; path = Base.lproj/Main.storyboard; sourceTree = "<group>"; };
/* End PBXFileReference section */

/* Begin PBXFrameworksBuildPhase section */
		586BDD231FC75F5E009FA8B8 /* Frameworks */ = {
			isa = PBXFrameworksBuildPhase;
			buildActionMask = 2147483647;
			files = (
				586BDD6F1FC76D6B009FA8B8 /* MapKit.framework in Frameworks */,
				586BDD6E1FC76D66009FA8B8 /* CoreMotion.framework in Frameworks */,
				586BDD6D1FC76D5C009FA8B8 /* CoreLocation.framework in Frameworks */,
			);
			runOnlyForDeploymentPostprocessing = 0;
		};
		586BDD391FC75F5E009FA8B8 /* Frameworks */ = {
			isa = PBXFrameworksBuildPhase;
			buildActionMask = 2147483647;
			files = (
			);
			runOnlyForDeploymentPostprocessing = 0;
		};
		586BDD441FC75F5E009FA8B8 /* Frameworks */ = {
			isa = PBXFrameworksBuildPhase;
			buildActionMask = 2147483647;
			files = (
			);
			runOnlyForDeploymentPostprocessing = 0;
		};
/* End PBXFrameworksBuildPhase section */

/* Begin PBXGroup section */
		586BDD1D1FC75F5E009FA8B8 = {
			isa = PBXGroup;
			children = (
				586BDD281FC75F5E009FA8B8 /* FitnessApp */,
				586BDD3F1FC75F5E009FA8B8 /* FitnessAppTests */,
				586BDD4A1FC75F5E009FA8B8 /* FitnessAppUITests */,
				586BDD271FC75F5E009FA8B8 /* Products */,
				586BDD631FC76204009FA8B8 /* Frameworks */,
			);
			sourceTree = "<group>";
		};
		586BDD271FC75F5E009FA8B8 /* Products */ = {
			isa = PBXGroup;
			children = (
				586BDD261FC75F5E009FA8B8 /* FitnessApp.app */,
				586BDD3C1FC75F5E009FA8B8 /* FitnessAppTests.xctest */,
				586BDD471FC75F5E009FA8B8 /* FitnessAppUITests.xctest */,
			);
			name = Products;
			sourceTree = "<group>";
		};
		586BDD281FC75F5E009FA8B8 /* FitnessApp */ = {
			isa = PBXGroup;
			children = (
				586BDD671FC7676B009FA8B8 /* TableCells */,
				586BDD291FC75F5E009FA8B8 /* AppDelegate.swift */,
				586BDD2B1FC75F5E009FA8B8 /* FirstViewController.swift */,
				586BDD2D1FC75F5E009FA8B8 /* SecondViewController.swift */,
				586BDD591FC76076009FA8B8 /* MapViewController.swift */,
				586BDD5D1FC760F9009FA8B8 /* ActivitiesViewController.swift */,
				586BDD5F1FC76134009FA8B8 /* ActivityDetailViewController.swift */,
				586BDD611FC7617A009FA8B8 /* ActivitiesNavigationController.swift */,
				586BDD5B1FC760BF009FA8B8 /* Database.swift */,
				58D019A91FCA96F800C79538 /* Main.storyboard */,
				28A306C21FCA9BD000ECDCA2 /* GoalViewController.swift */,
				586BDD321FC75F5E009FA8B8 /* Assets.xcassets */,
				586BDD341FC75F5E009FA8B8 /* LaunchScreen.storyboard */,
				586BDD371FC75F5E009FA8B8 /* Info.plist */,
			);
			path = FitnessApp;
			sourceTree = "<group>";
		};
		586BDD3F1FC75F5E009FA8B8 /* FitnessAppTests */ = {
			isa = PBXGroup;
			children = (
				586BDD401FC75F5E009FA8B8 /* FitnessAppTests.swift */,
				586BDD421FC75F5E009FA8B8 /* Info.plist */,
			);
			path = FitnessAppTests;
			sourceTree = "<group>";
		};
		586BDD4A1FC75F5E009FA8B8 /* FitnessAppUITests */ = {
			isa = PBXGroup;
			children = (
				586BDD4B1FC75F5E009FA8B8 /* FitnessAppUITests.swift */,
				586BDD4D1FC75F5E009FA8B8 /* Info.plist */,
			);
			path = FitnessAppUITests;
			sourceTree = "<group>";
		};
		586BDD631FC76204009FA8B8 /* Frameworks */ = {
			isa = PBXGroup;
			children = (
				586BDD661FC76236009FA8B8 /* CoreMotion.framework */,
				586BDD651FC76211009FA8B8 /* MapKit.framework */,
				586BDD641FC76204009FA8B8 /* CoreLocation.framework */,
			);
			name = Frameworks;
			sourceTree = "<group>";
		};
		586BDD671FC7676B009FA8B8 /* TableCells */ = {
			isa = PBXGroup;
			children = (
				586BDD681FC76795009FA8B8 /* ActivitiesTableViewCell.swift */,
			);
			path = TableCells;
			sourceTree = "<group>";
		};
/* End PBXGroup section */

/* Begin PBXNativeTarget section */
		586BDD251FC75F5E009FA8B8 /* FitnessApp */ = {
			isa = PBXNativeTarget;
			buildConfigurationList = 586BDD501FC75F5E009FA8B8 /* Build configuration list for PBXNativeTarget "FitnessApp" */;
			buildPhases = (
				586BDD221FC75F5E009FA8B8 /* Sources */,
				586BDD231FC75F5E009FA8B8 /* Frameworks */,
				586BDD241FC75F5E009FA8B8 /* Resources */,
			);
			buildRules = (
			);
			dependencies = (
			);
			name = FitnessApp;
			productName = FitnessApp;
			productReference = 586BDD261FC75F5E009FA8B8 /* FitnessApp.app */;
			productType = "com.apple.product-type.application";
		};
		586BDD3B1FC75F5E009FA8B8 /* FitnessAppTests */ = {
			isa = PBXNativeTarget;
			buildConfigurationList = 586BDD531FC75F5E009FA8B8 /* Build configuration list for PBXNativeTarget "FitnessAppTests" */;
			buildPhases = (
				586BDD381FC75F5E009FA8B8 /* Sources */,
				586BDD391FC75F5E009FA8B8 /* Frameworks */,
				586BDD3A1FC75F5E009FA8B8 /* Resources */,
			);
			buildRules = (
			);
			dependencies = (
				586BDD3E1FC75F5E009FA8B8 /* PBXTargetDependency */,
			);
			name = FitnessAppTests;
			productName = FitnessAppTests;
			productReference = 586BDD3C1FC75F5E009FA8B8 /* FitnessAppTests.xctest */;
			productType = "com.apple.product-type.bundle.unit-test";
		};
		586BDD461FC75F5E009FA8B8 /* FitnessAppUITests */ = {
			isa = PBXNativeTarget;
			buildConfigurationList = 586BDD561FC75F5E009FA8B8 /* Build configuration list for PBXNativeTarget "FitnessAppUITests" */;
			buildPhases = (
				586BDD431FC75F5E009FA8B8 /* Sources */,
				586BDD441FC75F5E009FA8B8 /* Frameworks */,
				586BDD451FC75F5E009FA8B8 /* Resources */,
			);
			buildRules = (
			);
			dependencies = (
				586BDD491FC75F5E009FA8B8 /* PBXTargetDependency */,
			);
			name = FitnessAppUITests;
			productName = FitnessAppUITests;
			productReference = 586BDD471FC75F5E009FA8B8 /* FitnessAppUITests.xctest */;
			productType = "com.apple.product-type.bundle.ui-testing";
		};
/* End PBXNativeTarget section */

/* Begin PBXProject section */
		586BDD1E1FC75F5E009FA8B8 /* Project object */ = {
			isa = PBXProject;
			attributes = {
				LastSwiftUpdateCheck = 0910;
				LastUpgradeCheck = 0910;
				ORGANIZATIONNAME = FitnessGroup;
				TargetAttributes = {
					586BDD251FC75F5E009FA8B8 = {
						CreatedOnToolsVersion = 9.1;
						ProvisioningStyle = Automatic;
					};
					586BDD3B1FC75F5E009FA8B8 = {
						CreatedOnToolsVersion = 9.1;
						ProvisioningStyle = Automatic;
						TestTargetID = 586BDD251FC75F5E009FA8B8;
					};
					586BDD461FC75F5E009FA8B8 = {
						CreatedOnToolsVersion = 9.1;
						ProvisioningStyle = Automatic;
						TestTargetID = 586BDD251FC75F5E009FA8B8;
					};
				};
			};
			buildConfigurationList = 586BDD211FC75F5E009FA8B8 /* Build configuration list for PBXProject "FitnessApp" */;
			compatibilityVersion = "Xcode 8.0";
			developmentRegion = en;
			hasScannedForEncodings = 0;
			knownRegions = (
				en,
				Base,
			);
			mainGroup = 586BDD1D1FC75F5E009FA8B8;
			productRefGroup = 586BDD271FC75F5E009FA8B8 /* Products */;
			projectDirPath = "";
			projectRoot = "";
			targets = (
				586BDD251FC75F5E009FA8B8 /* FitnessApp */,
				586BDD3B1FC75F5E009FA8B8 /* FitnessAppTests */,
				586BDD461FC75F5E009FA8B8 /* FitnessAppUITests */,
			);
		};
/* End PBXProject section */

/* Begin PBXResourcesBuildPhase section */
		586BDD241FC75F5E009FA8B8 /* Resources */ = {
			isa = PBXResourcesBuildPhase;
			buildActionMask = 2147483647;
			files = (
				58D019AB1FCA96F900C79538 /* Main.storyboard in Resources */,
				586BDD361FC75F5E009FA8B8 /* LaunchScreen.storyboard in Resources */,
				586BDD331FC75F5E009FA8B8 /* Assets.xcassets in Resources */,
			);
			runOnlyForDeploymentPostprocessing = 0;
		};
		586BDD3A1FC75F5E009FA8B8 /* Resources */ = {
			isa = PBXResourcesBuildPhase;
			buildActionMask = 2147483647;
			files = (
			);
			runOnlyForDeploymentPostprocessing = 0;
		};
		586BDD451FC75F5E009FA8B8 /* Resources */ = {
			isa = PBXResourcesBuildPhase;
			buildActionMask = 2147483647;
			files = (
			);
			runOnlyForDeploymentPostprocessing = 0;
		};
/* End PBXResourcesBuildPhase section */

/* Begin PBXSourcesBuildPhase section */
		586BDD221FC75F5E009FA8B8 /* Sources */ = {
			isa = PBXSourcesBuildPhase;
			buildActionMask = 2147483647;
			files = (
				586BDD621FC7617A009FA8B8 /* ActivitiesNavigationController.swift in Sources */,
				28A306C31FCA9BD000ECDCA2 /* GoalViewController.swift in Sources */,
				586BDD2E1FC75F5E009FA8B8 /* SecondViewController.swift in Sources */,
				586BDD5E1FC760F9009FA8B8 /* ActivitiesViewController.swift in Sources */,
				586BDD601FC76134009FA8B8 /* ActivityDetailViewController.swift in Sources */,
				586BDD2A1FC75F5E009FA8B8 /* AppDelegate.swift in Sources */,
				586BDD2C1FC75F5E009FA8B8 /* FirstViewController.swift in Sources */,
				586BDD5C1FC760BF009FA8B8 /* Database.swift in Sources */,
				586BDD691FC76795009FA8B8 /* ActivitiesTableViewCell.swift in Sources */,
				586BDD5A1FC76076009FA8B8 /* MapViewController.swift in Sources */,
			);
			runOnlyForDeploymentPostprocessing = 0;
		};
		586BDD381FC75F5E009FA8B8 /* Sources */ = {
			isa = PBXSourcesBuildPhase;
			buildActionMask = 2147483647;
			files = (
				586BDD411FC75F5E009FA8B8 /* FitnessAppTests.swift in Sources */,
			);
			runOnlyForDeploymentPostprocessing = 0;
		};
		586BDD431FC75F5E009FA8B8 /* Sources */ = {
			isa = PBXSourcesBuildPhase;
			buildActionMask = 2147483647;
			files = (
				586BDD4C1FC75F5E009FA8B8 /* FitnessAppUITests.swift in Sources */,
			);
			runOnlyForDeploymentPostprocessing = 0;
		};
/* End PBXSourcesBuildPhase section */

/* Begin PBXTargetDependency section */
		586BDD3E1FC75F5E009FA8B8 /* PBXTargetDependency */ = {
			isa = PBXTargetDependency;
			target = 586BDD251FC75F5E009FA8B8 /* FitnessApp */;
			targetProxy = 586BDD3D1FC75F5E009FA8B8 /* PBXContainerItemProxy */;
		};
		586BDD491FC75F5E009FA8B8 /* PBXTargetDependency */ = {
			isa = PBXTargetDependency;
			target = 586BDD251FC75F5E009FA8B8 /* FitnessApp */;
			targetProxy = 586BDD481FC75F5E009FA8B8 /* PBXContainerItemProxy */;
		};
/* End PBXTargetDependency section */

/* Begin PBXVariantGroup section */
		586BDD341FC75F5E009FA8B8 /* LaunchScreen.storyboard */ = {
			isa = PBXVariantGroup;
			children = (
				586BDD351FC75F5E009FA8B8 /* Base */,
			);
			name = LaunchScreen.storyboard;
			sourceTree = "<group>";
		};
		58D019A91FCA96F800C79538 /* Main.storyboard */ = {
			isa = PBXVariantGroup;
			children = (
				58D019AA1FCA96F800C79538 /* Base */,
			);
			name = Main.storyboard;
			sourceTree = "<group>";
		};
/* End PBXVariantGroup section */

/* Begin XCBuildConfiguration section */
		586BDD4E1FC75F5E009FA8B8 /* Debug */ = {
			isa = XCBuildConfiguration;
			buildSettings = {
				ALWAYS_SEARCH_USER_PATHS = NO;
				CLANG_ANALYZER_NONNULL = YES;
				CLANG_ANALYZER_NUMBER_OBJECT_CONVERSION = YES_AGGRESSIVE;
				CLANG_CXX_LANGUAGE_STANDARD = "gnu++14";
				CLANG_CXX_LIBRARY = "libc++";
				CLANG_ENABLE_MODULES = YES;
				CLANG_ENABLE_OBJC_ARC = YES;
				CLANG_WARN_BLOCK_CAPTURE_AUTORELEASING = YES;
				CLANG_WARN_BOOL_CONVERSION = YES;
				CLANG_WARN_COMMA = YES;
				CLANG_WARN_CONSTANT_CONVERSION = YES;
				CLANG_WARN_DIRECT_OBJC_ISA_USAGE = YES_ERROR;
				CLANG_WARN_DOCUMENTATION_COMMENTS = YES;
				CLANG_WARN_EMPTY_BODY = YES;
				CLANG_WARN_ENUM_CONVERSION = YES;
				CLANG_WARN_INFINITE_RECURSION = YES;
				CLANG_WARN_INT_CONVERSION = YES;
				CLANG_WARN_NON_LITERAL_NULL_CONVERSION = YES;
				CLANG_WARN_OBJC_LITERAL_CONVERSION = YES;
				CLANG_WARN_OBJC_ROOT_CLASS = YES_ERROR;
				CLANG_WARN_RANGE_LOOP_ANALYSIS = YES;
				CLANG_WARN_STRICT_PROTOTYPES = YES;
				CLANG_WARN_SUSPICIOUS_MOVE = YES;
				CLANG_WARN_UNGUARDED_AVAILABILITY = YES_AGGRESSIVE;
				CLANG_WARN_UNREACHABLE_CODE = YES;
				CLANG_WARN__DUPLICATE_METHOD_MATCH = YES;
				CODE_SIGN_IDENTITY = "iPhone Developer";
				COPY_PHASE_STRIP = NO;
				DEBUG_INFORMATION_FORMAT = dwarf;
				ENABLE_STRICT_OBJC_MSGSEND = YES;
				ENABLE_TESTABILITY = YES;
				GCC_C_LANGUAGE_STANDARD = gnu11;
				GCC_DYNAMIC_NO_PIC = NO;
				GCC_NO_COMMON_BLOCKS = YES;
				GCC_OPTIMIZATION_LEVEL = 0;
				GCC_PREPROCESSOR_DEFINITIONS = (
					"DEBUG=1",
					"$(inherited)",
				);
				GCC_WARN_64_TO_32_BIT_CONVERSION = YES;
				GCC_WARN_ABOUT_RETURN_TYPE = YES_ERROR;
				GCC_WARN_UNDECLARED_SELECTOR = YES;
				GCC_WARN_UNINITIALIZED_AUTOS = YES_AGGRESSIVE;
				GCC_WARN_UNUSED_FUNCTION = YES;
				GCC_WARN_UNUSED_VARIABLE = YES;
				IPHONEOS_DEPLOYMENT_TARGET = 11.1;
				MTL_ENABLE_DEBUG_INFO = YES;
				ONLY_ACTIVE_ARCH = YES;
				SDKROOT = iphoneos;
				SWIFT_ACTIVE_COMPILATION_CONDITIONS = DEBUG;
				SWIFT_OPTIMIZATION_LEVEL = "-Onone";
			};
			name = Debug;
		};
		586BDD4F1FC75F5E009FA8B8 /* Release */ = {
			isa = XCBuildConfiguration;
			buildSettings = {
				ALWAYS_SEARCH_USER_PATHS = NO;
				CLANG_ANALYZER_NONNULL = YES;
				CLANG_ANALYZER_NUMBER_OBJECT_CONVERSION = YES_AGGRESSIVE;
				CLANG_CXX_LANGUAGE_STANDARD = "gnu++14";
				CLANG_CXX_LIBRARY = "libc++";
				CLANG_ENABLE_MODULES = YES;
				CLANG_ENABLE_OBJC_ARC = YES;
				CLANG_WARN_BLOCK_CAPTURE_AUTORELEASING = YES;
				CLANG_WARN_BOOL_CONVERSION = YES;
				CLANG_WARN_COMMA = YES;
				CLANG_WARN_CONSTANT_CONVERSION = YES;
				CLANG_WARN_DIRECT_OBJC_ISA_USAGE = YES_ERROR;
				CLANG_WARN_DOCUMENTATION_COMMENTS = YES;
				CLANG_WARN_EMPTY_BODY = YES;
				CLANG_WARN_ENUM_CONVERSION = YES;
				CLANG_WARN_INFINITE_RECURSION = YES;
				CLANG_WARN_INT_CONVERSION = YES;
				CLANG_WARN_NON_LITERAL_NULL_CONVERSION = YES;
				CLANG_WARN_OBJC_LITERAL_CONVERSION = YES;
				CLANG_WARN_OBJC_ROOT_CLASS = YES_ERROR;
				CLANG_WARN_RANGE_LOOP_ANALYSIS = YES;
				CLANG_WARN_STRICT_PROTOTYPES = YES;
				CLANG_WARN_SUSPICIOUS_MOVE = YES;
				CLANG_WARN_UNGUARDED_AVAILABILITY = YES_AGGRESSIVE;
				CLANG_WARN_UNREACHABLE_CODE = YES;
				CLANG_WARN__DUPLICATE_METHOD_MATCH = YES;
				CODE_SIGN_IDENTITY = "iPhone Developer";
				COPY_PHASE_STRIP = NO;
				DEBUG_INFORMATION_FORMAT = "dwarf-with-dsym";
				ENABLE_NS_ASSERTIONS = NO;
				ENABLE_STRICT_OBJC_MSGSEND = YES;
				GCC_C_LANGUAGE_STANDARD = gnu11;
				GCC_NO_COMMON_BLOCKS = YES;
				GCC_WARN_64_TO_32_BIT_CONVERSION = YES;
				GCC_WARN_ABOUT_RETURN_TYPE = YES_ERROR;
				GCC_WARN_UNDECLARED_SELECTOR = YES;
				GCC_WARN_UNINITIALIZED_AUTOS = YES_AGGRESSIVE;
				GCC_WARN_UNUSED_FUNCTION = YES;
				GCC_WARN_UNUSED_VARIABLE = YES;
				IPHONEOS_DEPLOYMENT_TARGET = 11.1;
				MTL_ENABLE_DEBUG_INFO = NO;
				SDKROOT = iphoneos;
				SWIFT_OPTIMIZATION_LEVEL = "-Owholemodule";
				VALIDATE_PRODUCT = YES;
			};
			name = Release;
		};
		586BDD511FC75F5E009FA8B8 /* Debug */ = {
			isa = XCBuildConfiguration;
			buildSettings = {
				ASSETCATALOG_COMPILER_APPICON_NAME = AppIcon;
				CODE_SIGN_STYLE = Automatic;
				DEVELOPMENT_TEAM = EGCAKP6VK4;
				INFOPLIST_FILE = FitnessApp/Info.plist;
				LD_RUNPATH_SEARCH_PATHS = "$(inherited) @executable_path/Frameworks";
				PRODUCT_BUNDLE_IDENTIFIER = com.bishalwagle.fitnessapp.FitnessApp;
				PRODUCT_NAME = "$(TARGET_NAME)";
				SWIFT_VERSION = 4.0;
				TARGETED_DEVICE_FAMILY = "1,2";
			};
			name = Debug;
		};
		586BDD521FC75F5E009FA8B8 /* Release */ = {
			isa = XCBuildConfiguration;
			buildSettings = {
				ASSETCATALOG_COMPILER_APPICON_NAME = AppIcon;
				CODE_SIGN_STYLE = Automatic;
				DEVELOPMENT_TEAM = EGCAKP6VK4;
				INFOPLIST_FILE = FitnessApp/Info.plist;
				LD_RUNPATH_SEARCH_PATHS = "$(inherited) @executable_path/Frameworks";
				PRODUCT_BUNDLE_IDENTIFIER = com.bishalwagle.fitnessapp.FitnessApp;
				PRODUCT_NAME = "$(TARGET_NAME)";
				SWIFT_VERSION = 4.0;
				TARGETED_DEVICE_FAMILY = "1,2";
			};
			name = Release;
		};
		586BDD541FC75F5E009FA8B8 /* Debug */ = {
			isa = XCBuildConfiguration;
			buildSettings = {
				ALWAYS_EMBED_SWIFT_STANDARD_LIBRARIES = YES;
				BUNDLE_LOADER = "$(TEST_HOST)";
				CODE_SIGN_STYLE = Automatic;
				INFOPLIST_FILE = FitnessAppTests/Info.plist;
				LD_RUNPATH_SEARCH_PATHS = "$(inherited) @executable_path/Frameworks @loader_path/Frameworks";
				PRODUCT_BUNDLE_IDENTIFIER = com.bishalwagle.fitnessapp.FitnessAppTests;
				PRODUCT_NAME = "$(TARGET_NAME)";
				SWIFT_VERSION = 4.0;
				TARGETED_DEVICE_FAMILY = "1,2";
				TEST_HOST = "$(BUILT_PRODUCTS_DIR)/FitnessApp.app/FitnessApp";
			};
			name = Debug;
		};
		586BDD551FC75F5E009FA8B8 /* Release */ = {
			isa = XCBuildConfiguration;
			buildSettings = {
				ALWAYS_EMBED_SWIFT_STANDARD_LIBRARIES = YES;
				BUNDLE_LOADER = "$(TEST_HOST)";
				CODE_SIGN_STYLE = Automatic;
				INFOPLIST_FILE = FitnessAppTests/Info.plist;
				LD_RUNPATH_SEARCH_PATHS = "$(inherited) @executable_path/Frameworks @loader_path/Frameworks";
				PRODUCT_BUNDLE_IDENTIFIER = com.bishalwagle.fitnessapp.FitnessAppTests;
				PRODUCT_NAME = "$(TARGET_NAME)";
				SWIFT_VERSION = 4.0;
				TARGETED_DEVICE_FAMILY = "1,2";
				TEST_HOST = "$(BUILT_PRODUCTS_DIR)/FitnessApp.app/FitnessApp";
			};
			name = Release;
		};
		586BDD571FC75F5E009FA8B8 /* Debug */ = {
			isa = XCBuildConfiguration;
			buildSettings = {
				ALWAYS_EMBED_SWIFT_STANDARD_LIBRARIES = YES;
				CODE_SIGN_STYLE = Automatic;
				INFOPLIST_FILE = FitnessAppUITests/Info.plist;
				LD_RUNPATH_SEARCH_PATHS = "$(inherited) @executable_path/Frameworks @loader_path/Frameworks";
				PRODUCT_BUNDLE_IDENTIFIER = com.bishalwagle.fitnessapp.FitnessAppUITests;
				PRODUCT_NAME = "$(TARGET_NAME)";
				SWIFT_VERSION = 4.0;
				TARGETED_DEVICE_FAMILY = "1,2";
				TEST_TARGET_NAME = FitnessApp;
			};
			name = Debug;
		};
		586BDD581FC75F5E009FA8B8 /* Release */ = {
			isa = XCBuildConfiguration;
			buildSettings = {
				ALWAYS_EMBED_SWIFT_STANDARD_LIBRARIES = YES;
				CODE_SIGN_STYLE = Automatic;
				INFOPLIST_FILE = FitnessAppUITests/Info.plist;
				LD_RUNPATH_SEARCH_PATHS = "$(inherited) @executable_path/Frameworks @loader_path/Frameworks";
				PRODUCT_BUNDLE_IDENTIFIER = com.bishalwagle.fitnessapp.FitnessAppUITests;
				PRODUCT_NAME = "$(TARGET_NAME)";
				SWIFT_VERSION = 4.0;
				TARGETED_DEVICE_FAMILY = "1,2";
				TEST_TARGET_NAME = FitnessApp;
			};
			name = Release;
		};
/* End XCBuildConfiguration section */

/* Begin XCConfigurationList section */
		586BDD211FC75F5E009FA8B8 /* Build configuration list for PBXProject "FitnessApp" */ = {
			isa = XCConfigurationList;
			buildConfigurations = (
				586BDD4E1FC75F5E009FA8B8 /* Debug */,
				586BDD4F1FC75F5E009FA8B8 /* Release */,
			);
			defaultConfigurationIsVisible = 0;
			defaultConfigurationName = Release;
		};
		586BDD501FC75F5E009FA8B8 /* Build configuration list for PBXNativeTarget "FitnessApp" */ = {
			isa = XCConfigurationList;
			buildConfigurations = (
				586BDD511FC75F5E009FA8B8 /* Debug */,
				586BDD521FC75F5E009FA8B8 /* Release */,
			);
			defaultConfigurationIsVisible = 0;
			defaultConfigurationName = Release;
		};
		586BDD531FC75F5E009FA8B8 /* Build configuration list for PBXNativeTarget "FitnessAppTests" */ = {
			isa = XCConfigurationList;
			buildConfigurations = (
				586BDD541FC75F5E009FA8B8 /* Debug */,
				586BDD551FC75F5E009FA8B8 /* Release */,
			);
			defaultConfigurationIsVisible = 0;
			defaultConfigurationName = Release;
		};
		586BDD561FC75F5E009FA8B8 /* Build configuration list for PBXNativeTarget "FitnessAppUITests" */ = {
			isa = XCConfigurationList;
			buildConfigurations = (
				586BDD571FC75F5E009FA8B8 /* Debug */,
				586BDD581FC75F5E009FA8B8 /* Release */,
			);
			defaultConfigurationIsVisible = 0;
			defaultConfigurationName = Release;
		};
/* End XCConfigurationList section */
	};
	rootObject = 586BDD1E1FC75F5E009FA8B8 /* Project object */;
}
